{
  "name": "floor",
  "version": "1.0.0",
  "lockfileVersion": 1,
  "requires": true,
  "dependencies": {
    "@vant/weapp": {
      "version": "1.11.7",
      "resolved": "https://registry.npmmirror.com/@vant/weapp/-/weapp-1.11.7.tgz",
      "integrity": "sha512-Rwn9BBnb4kHSV4XmvBicwtd42J+amEUfnFDcXJsGNPNX4a9c/DoT6YLsm4X1wB2+sQbdiQsbFBLAvGRBxCkD8g=="
    },
    "mina-request": {
      "version": "1.0.8",
      "resolved": "https://registry.npmmirror.com/mina-request/-/mina-request-1.0.8.tgz",
      "integrity": "sha512-IzsnzZEAJOyQnYMKhut7+m6EygiiZOd5yvspNplVlVT026ucaaJrie92k0K0Umw0jkASvJn1WXjSq+FntYj/GQ=="
    }
  }
}
